
Microsoft Visual Studio Solution File, Format Version 12.00
# Visual Studio 15
Project("{FAE04EC0-301F-11D3-BF4B-00C04F79EFBC}") = "StringBuilder_Reader_Writer", "StringBuilder_Reader_Writer\StringBuilder_Reader_Writer.csproj", "{50D992EB-FCFD-4D48-B5CA-A08DEC3B942D}"
EndProject
Global
	GlobalSection(SolutionConfigurationPlatforms) = preSolution
		Debug|anycpu = Debug|anycpu
		Release|anycpu = Release|anycpu
	EndGlobalSection
	GlobalSection(ProjectConfigurationPlatforms) = postSolution
		{50D992EB-FCFD-4D48-B5CA-A08DEC3B942D}.Debug|anycpu.ActiveCfg = Debug|anycpu
		{50D992EB-FCFD-4D48-B5CA-A08DEC3B942D}.Debug|anycpu.Build.0 = Debug|anycpu
		{50D992EB-FCFD-4D48-B5CA-A08DEC3B942D}.Release|anycpu.ActiveCfg = Release|anycpu
		{50D992EB-FCFD-4D48-B5CA-A08DEC3B942D}.Release|anycpu.Build.0 = Release|anycpu
	EndGlobalSection
EndGlobal
